// !$*UTF8*$!
{
	archiveVersion = 1;
	classes = {
	};
	objectVersion = 55;
	objects = {

/* Begin PBXBuildFile section */
		542C1611290D461E0075230C /* MemoVM.swift in Sources */ = {isa = PBXBuildFile; fileRef = 542C1610290D461E0075230C /* MemoVM.swift */; };
		542C786A28C3844500F7D17A /* IQKeyboardManagerSwift in Frameworks */ = {isa = PBXBuildFile; productRef = 542C786928C3844500F7D17A /* IQKeyboardManagerSwift */; };
		543139F928C33C6400A5BFB0 /* WriteView.swift in Sources */ = {isa = PBXBuildFile; fileRef = 543139F828C33C6400A5BFB0 /* WriteView.swift */; };
		5432F13428BF702D00DC8096 /* MainTableViewCell.swift in Sources */ = {isa = PBXBuildFile; fileRef = 5432F13328BF702D00DC8096 /* MainTableViewCell.swift */; };
		5432F13728BF77C100DC8096 /* Memo.swift in Sources */ = {isa = PBXBuildFile; fileRef = 5432F13628BF77C100DC8096 /* Memo.swift */; };
		543AEF1628C206140087FEA8 /* Date + Extension.swift in Sources */ = {isa = PBXBuildFile; fileRef = 543AEF1528C206140087FEA8 /* Date + Extension.swift */; };
		544E35A928C2557F00E218A6 /* FirstViewController.swift in Sources */ = {isa = PBXBuildFile; fileRef = 544E35A828C2557F00E218A6 /* FirstViewController.swift */; };
		545AADAE28C0E1E200AB7F51 /* FileManager + Extension.swift in Sources */ = {isa = PBXBuildFile; fileRef = 545AADAD28C0E1E200AB7F51 /* FileManager + Extension.swift */; };
		5470F0AC28BF963100119788 /* Realm in Frameworks */ = {isa = PBXBuildFile; productRef = 5470F0AB28BF963100119788 /* Realm */; };
		5470F0AE28BF963100119788 /* RealmSwift in Frameworks */ = {isa = PBXBuildFile; productRef = 5470F0AD28BF963100119788 /* RealmSwift */; };
		5470F0B028BF997E00119788 /* UserMemoRepository.swift in Sources */ = {isa = PBXBuildFile; fileRef = 5470F0AF28BF997E00119788 /* UserMemoRepository.swift */; };
		54A5089728BF330E00C099C7 /* BaseView.swift in Sources */ = {isa = PBXBuildFile; fileRef = 54A5089628BF330E00C099C7 /* BaseView.swift */; };
		54A5089928BF331600C099C7 /* BaseViewController.swift in Sources */ = {isa = PBXBuildFile; fileRef = 54A5089828BF331600C099C7 /* BaseViewController.swift */; };
		54A5089C28BF339500C099C7 /* SnapKit in Frameworks */ = {isa = PBXBuildFile; productRef = 54A5089B28BF339500C099C7 /* SnapKit */; };
		54A508A228BF36A900C099C7 /* MemoListViewController.swift in Sources */ = {isa = PBXBuildFile; fileRef = 54A508A128BF36A900C099C7 /* MemoListViewController.swift */; };
		54C8141828C2DD180011F148 /* addMemoButton.swift in Sources */ = {isa = PBXBuildFile; fileRef = 54C8141728C2DD180011F148 /* addMemoButton.swift */; };
		54C8141A28C2EB340011F148 /* WriteViewController.swift in Sources */ = {isa = PBXBuildFile; fileRef = 54C8141928C2EB340011F148 /* WriteViewController.swift */; };
		54C8141F28C2F5D00011F148 /* FirstView.swift in Sources */ = {isa = PBXBuildFile; fileRef = 54C8141E28C2F5D00011F148 /* FirstView.swift */; };
		54D8AD0228BEF21400E6880A /* AppDelegate.swift in Sources */ = {isa = PBXBuildFile; fileRef = 54D8AD0128BEF21400E6880A /* AppDelegate.swift */; };
		54D8AD0428BEF21400E6880A /* SceneDelegate.swift in Sources */ = {isa = PBXBuildFile; fileRef = 54D8AD0328BEF21400E6880A /* SceneDelegate.swift */; };
		54D8AD0628BEF21400E6880A /* ViewController.swift in Sources */ = {isa = PBXBuildFile; fileRef = 54D8AD0528BEF21400E6880A /* ViewController.swift */; };
		54D8AD0928BEF21400E6880A /* Main.storyboard in Resources */ = {isa = PBXBuildFile; fileRef = 54D8AD0728BEF21400E6880A /* Main.storyboard */; };
		54D8AD0B28BEF21600E6880A /* Assets.xcassets in Resources */ = {isa = PBXBuildFile; fileRef = 54D8AD0A28BEF21600E6880A /* Assets.xcassets */; };
		54D8AD0E28BEF21600E6880A /* LaunchScreen.storyboard in Resources */ = {isa = PBXBuildFile; fileRef = 54D8AD0C28BEF21600E6880A /* LaunchScreen.storyboard */; };
/* End PBXBuildFile section */

/* Begin PBXFileReference section */
		542C1610290D461E0075230C /* MemoVM.swift */ = {isa = PBXFileReference; lastKnownFileType = sourcecode.swift; path = MemoVM.swift; sourceTree = "<group>"; };
		543139F828C33C6400A5BFB0 /* WriteView.swift */ = {isa = PBXFileReference; lastKnownFileType = sourcecode.swift; path = WriteView.swift; sourceTree = "<group>"; };
		5432F13328BF702D00DC8096 /* MainTableViewCell.swift */ = {isa = PBXFileReference; lastKnownFileType = sourcecode.swift; path = MainTableViewCell.swift; sourceTree = "<group>"; };
		5432F13628BF77C100DC8096 /* Memo.swift */ = {isa = PBXFileReference; lastKnownFileType = sourcecode.swift; path = Memo.swift; sourceTree = "<group>"; };
		543AEF1528C206140087FEA8 /* Date + Extension.swift */ = {isa = PBXFileReference; lastKnownFileType = sourcecode.swift; path = "Date + Extension.swift"; sourceTree = "<group>"; };
		544E35A828C2557F00E218A6 /* FirstViewController.swift */ = {isa = PBXFileReference; lastKnownFileType = sourcecode.swift; path = FirstViewController.swift; sourceTree = "<group>"; };
		545AADAD28C0E1E200AB7F51 /* FileManager + Extension.swift */ = {isa = PBXFileReference; lastKnownFileType = sourcecode.swift; path = "FileManager + Extension.swift"; sourceTree = "<group>"; };
		5470F0AF28BF997E00119788 /* UserMemoRepository.swift */ = {isa = PBXFileReference; lastKnownFileType = sourcecode.swift; path = UserMemoRepository.swift; sourceTree = "<group>"; };
		54A5089628BF330E00C099C7 /* BaseView.swift */ = {isa = PBXFileReference; lastKnownFileType = sourcecode.swift; path = BaseView.swift; sourceTree = "<group>"; };
		54A5089828BF331600C099C7 /* BaseViewController.swift */ = {isa = PBXFileReference; lastKnownFileType = sourcecode.swift; path = BaseViewController.swift; sourceTree = "<group>"; };
		54A508A128BF36A900C099C7 /* MemoListViewController.swift */ = {isa = PBXFileReference; lastKnownFileType = sourcecode.swift; path = MemoListViewController.swift; sourceTree = "<group>"; };
		54C8141728C2DD180011F148 /* addMemoButton.swift */ = {isa = PBXFileReference; lastKnownFileType = sourcecode.swift; path = addMemoButton.swift; sourceTree = "<group>"; };
		54C8141928C2EB340011F148 /* WriteViewController.swift */ = {isa = PBXFileReference; lastKnownFileType = sourcecode.swift; path = WriteViewController.swift; sourceTree = "<group>"; };
		54C8141E28C2F5D00011F148 /* FirstView.swift */ = {isa = PBXFileReference; lastKnownFileType = sourcecode.swift; path = FirstView.swift; sourceTree = "<group>"; };
		54D8ACFE28BEF21400E6880A /* MemoApp.app */ = {isa = PBXFileReference; explicitFileType = wrapper.application; includeInIndex = 0; path = MemoApp.app; sourceTree = BUILT_PRODUCTS_DIR; };
		54D8AD0128BEF21400E6880A /* AppDelegate.swift */ = {isa = PBXFileReference; lastKnownFileType = sourcecode.swift; path = AppDelegate.swift; sourceTree = "<group>"; };
		54D8AD0328BEF21400E6880A /* SceneDelegate.swift */ = {isa = PBXFileReference; lastKnownFileType = sourcecode.swift; path = SceneDelegate.swift; sourceTree = "<group>"; };
		54D8AD0528BEF21400E6880A /* ViewController.swift */ = {isa = PBXFileReference; lastKnownFileType = sourcecode.swift; path = ViewController.swift; sourceTree = "<group>"; };
		54D8AD0828BEF21400E6880A /* Base */ = {isa = PBXFileReference; lastKnownFileType = file.storyboard; name = Base; path = Base.lproj/Main.storyboard; sourceTree = "<group>"; };
		54D8AD0A28BEF21600E6880A /* Assets.xcassets */ = {isa = PBXFileReference; lastKnownFileType = folder.assetcatalog; path = Assets.xcassets; sourceTree = "<group>"; };
		54D8AD0D28BEF21600E6880A /* Base */ = {isa = PBXFileReference; lastKnownFileType = file.storyboard; name = Base; path = Base.lproj/LaunchScreen.storyboard; sourceTree = "<group>"; };
		54D8AD0F28BEF21600E6880A /* Info.plist */ = {isa = PBXFileReference; lastKnownFileType = text.plist.xml; path = Info.plist; sourceTree = "<group>"; };
/* End PBXFileReference section */

/* Begin PBXFrameworksBuildPhase section */
		54D8ACFB28BEF21400E6880A /* Frameworks */ = {
			isa = PBXFrameworksBuildPhase;
			buildActionMask = 2147483647;
			files = (
				5470F0AE28BF963100119788 /* RealmSwift in Frameworks */,
				542C786A28C3844500F7D17A /* IQKeyboardManagerSwift in Frameworks */,
				5470F0AC28BF963100119788 /* Realm in Frameworks */,
				54A5089C28BF339500C099C7 /* SnapKit in Frameworks */,
			);
			runOnlyForDeploymentPostprocessing = 0;
		};
/* End PBXFrameworksBuildPhase section */

/* Begin PBXGroup section */
		542C1609290D42AB0075230C /* Models */ = {
			isa = PBXGroup;
			children = (
				5432F13628BF77C100DC8096 /* Memo.swift */,
			);
			path = Models;
			sourceTree = "<group>";
		};
		542C160A290D42B20075230C /* Controllers */ = {
			isa = PBXGroup;
			children = (
				54A508A128BF36A900C099C7 /* MemoListViewController.swift */,
				544E35A828C2557F00E218A6 /* FirstViewController.swift */,
				54C8141E28C2F5D00011F148 /* FirstView.swift */,
				54C8141928C2EB340011F148 /* WriteViewController.swift */,
				543139F828C33C6400A5BFB0 /* WriteView.swift */,
			);
			path = Controllers;
			sourceTree = "<group>";
		};
		542C160B290D42BE0075230C /* ViewModels */ = {
			isa = PBXGroup;
			children = (
				542C1610290D461E0075230C /* MemoVM.swift */,
				5470F0AF28BF997E00119788 /* UserMemoRepository.swift */,
			);
			path = ViewModels;
			sourceTree = "<group>";
		};
		5432F13228BF701000DC8096 /* Main */ = {
			isa = PBXGroup;
			children = (
				5432F13328BF702D00DC8096 /* MainTableViewCell.swift */,
			);
			path = Main;
			sourceTree = "<group>";
		};
		54C8141528C2DC3C0011F148 /* CustomView */ = {
			isa = PBXGroup;
			children = (
				54C8141728C2DD180011F148 /* addMemoButton.swift */,
			);
			path = CustomView;
			sourceTree = "<group>";
		};
		54C8142028C2F8510011F148 /* Extension */ = {
			isa = PBXGroup;
			children = (
				545AADAD28C0E1E200AB7F51 /* FileManager + Extension.swift */,
				543AEF1528C206140087FEA8 /* Date + Extension.swift */,
			);
			path = Extension;
			sourceTree = "<group>";
		};
		54C8142128C2F8830011F148 /* Utility */ = {
			isa = PBXGroup;
			children = (
				54A5089628BF330E00C099C7 /* BaseView.swift */,
				54A5089828BF331600C099C7 /* BaseViewController.swift */,
			);
			path = Utility;
			sourceTree = "<group>";
		};
		54D8ACF528BEF21400E6880A = {
			isa = PBXGroup;
			children = (
				54D8AD0028BEF21400E6880A /* MemoApp */,
				54D8ACFF28BEF21400E6880A /* Products */,
			);
			sourceTree = "<group>";
		};
		54D8ACFF28BEF21400E6880A /* Products */ = {
			isa = PBXGroup;
			children = (
				54D8ACFE28BEF21400E6880A /* MemoApp.app */,
			);
			name = Products;
			sourceTree = "<group>";
		};
		54D8AD0028BEF21400E6880A /* MemoApp */ = {
			isa = PBXGroup;
			children = (
				542C1609290D42AB0075230C /* Models */,
				542C160B290D42BE0075230C /* ViewModels */,
				542C160A290D42B20075230C /* Controllers */,
				54C8142128C2F8830011F148 /* Utility */,
				5432F13228BF701000DC8096 /* Main */,
				54C8141528C2DC3C0011F148 /* CustomView */,
				54C8142028C2F8510011F148 /* Extension */,
				54D8AD0128BEF21400E6880A /* AppDelegate.swift */,
				54D8AD0328BEF21400E6880A /* SceneDelegate.swift */,
				54D8AD0528BEF21400E6880A /* ViewController.swift */,
				54D8AD0728BEF21400E6880A /* Main.storyboard */,
				54D8AD0A28BEF21600E6880A /* Assets.xcassets */,
				54D8AD0C28BEF21600E6880A /* LaunchScreen.storyboard */,
				54D8AD0F28BEF21600E6880A /* Info.plist */,
			);
			path = MemoApp;
			sourceTree = "<group>";
		};
/* End PBXGroup section */

/* Begin PBXNativeTarget section */
		54D8ACFD28BEF21400E6880A /* MemoApp */ = {
			isa = PBXNativeTarget;
			buildConfigurationList = 54D8AD1228BEF21600E6880A /* Build configuration list for PBXNativeTarget "MemoApp" */;
			buildPhases = (
				54D8ACFA28BEF21400E6880A /* Sources */,
				54D8ACFB28BEF21400E6880A /* Frameworks */,
				54D8ACFC28BEF21400E6880A /* Resources */,
			);
			buildRules = (
			);
			dependencies = (
			);
			name = MemoApp;
			packageProductDependencies = (
				54A5089B28BF339500C099C7 /* SnapKit */,
				5470F0AB28BF963100119788 /* Realm */,
				5470F0AD28BF963100119788 /* RealmSwift */,
				542C786928C3844500F7D17A /* IQKeyboardManagerSwift */,
			);
			productName = MemoApp;
			productReference = 54D8ACFE28BEF21400E6880A /* MemoApp.app */;
			productType = "com.apple.product-type.application";
		};
/* End PBXNativeTarget section */

/* Begin PBXProject section */
		54D8ACF628BEF21400E6880A /* Project object */ = {
			isa = PBXProject;
			attributes = {
				BuildIndependentTargetsInParallel = 1;
				LastSwiftUpdateCheck = 1340;
				LastUpgradeCheck = 1340;
				TargetAttributes = {
					54D8ACFD28BEF21400E6880A = {
						CreatedOnToolsVersion = 13.4.1;
					};
				};
			};
			buildConfigurationList = 54D8ACF928BEF21400E6880A /* Build configuration list for PBXProject "MemoApp" */;
			compatibilityVersion = "Xcode 13.0";
			developmentRegion = en;
			hasScannedForEncodings = 0;
			knownRegions = (
				en,
				Base,
			);
			mainGroup = 54D8ACF528BEF21400E6880A;
			packageReferences = (
				54A5089A28BF339500C099C7 /* XCRemoteSwiftPackageReference "SnapKit" */,
				5470F0AA28BF963100119788 /* XCRemoteSwiftPackageReference "realm-swift" */,
				542C786828C3844500F7D17A /* XCRemoteSwiftPackageReference "IQKeyboardManager" */,
			);
			productRefGroup = 54D8ACFF28BEF21400E6880A /* Products */;
			projectDirPath = "";
			projectRoot = "";
			targets = (
				54D8ACFD28BEF21400E6880A /* MemoApp */,
			);
		};
/* End PBXProject section */

/* Begin PBXResourcesBuildPhase section */
		54D8ACFC28BEF21400E6880A /* Resources */ = {
			isa = PBXResourcesBuildPhase;
			buildActionMask = 2147483647;
			files = (
				54D8AD0E28BEF21600E6880A /* LaunchScreen.storyboard in Resources */,
				54D8AD0B28BEF21600E6880A /* Assets.xcassets in Resources */,
				54D8AD0928BEF21400E6880A /* Main.storyboard in Resources */,
			);
			runOnlyForDeploymentPostprocessing = 0;
		};
/* End PBXResourcesBuildPhase section */

/* Begin PBXSourcesBuildPhase section */
		54D8ACFA28BEF21400E6880A /* Sources */ = {
			isa = PBXSourcesBuildPhase;
			buildActionMask = 2147483647;
			files = (
				542C1611290D461E0075230C /* MemoVM.swift in Sources */,
				545AADAE28C0E1E200AB7F51 /* FileManager + Extension.swift in Sources */,
				54C8141828C2DD180011F148 /* addMemoButton.swift in Sources */,
				54A508A228BF36A900C099C7 /* MemoListViewController.swift in Sources */,
				54C8141A28C2EB340011F148 /* WriteViewController.swift in Sources */,
				54A5089928BF331600C099C7 /* BaseViewController.swift in Sources */,
				5432F13428BF702D00DC8096 /* MainTableViewCell.swift in Sources */,
				544E35A928C2557F00E218A6 /* FirstViewController.swift in Sources */,
				5432F13728BF77C100DC8096 /* Memo.swift in Sources */,
				54D8AD0628BEF21400E6880A /* ViewController.swift in Sources */,
				5470F0B028BF997E00119788 /* UserMemoRepository.swift in Sources */,
				54D8AD0228BEF21400E6880A /* AppDelegate.swift in Sources */,
				54D8AD0428BEF21400E6880A /* SceneDelegate.swift in Sources */,
				54C8141F28C2F5D00011F148 /* FirstView.swift in Sources */,
				54A5089728BF330E00C099C7 /* BaseView.swift in Sources */,
				543AEF1628C206140087FEA8 /* Date + Extension.swift in Sources */,
				543139F928C33C6400A5BFB0 /* WriteView.swift in Sources */,
			);
			runOnlyForDeploymentPostprocessing = 0;
		};
/* End PBXSourcesBuildPhase section */

/* Begin PBXVariantGroup section */
		54D8AD0728BEF21400E6880A /* Main.storyboard */ = {
			isa = PBXVariantGroup;
			children = (
				54D8AD0828BEF21400E6880A /* Base */,
			);
			name = Main.storyboard;
			sourceTree = "<group>";
		};
		54D8AD0C28BEF21600E6880A /* LaunchScreen.storyboard */ = {
			isa = PBXVariantGroup;
			children = (
				54D8AD0D28BEF21600E6880A /* Base */,
			);
			name = LaunchScreen.storyboard;
			sourceTree = "<group>";
		};
/* End PBXVariantGroup section */

/* Begin XCBuildConfiguration section */
		54D8AD1028BEF21600E6880A /* Debug */ = {
			isa = XCBuildConfiguration;
			buildSettings = {
				ALWAYS_SEARCH_USER_PATHS = NO;
				CLANG_ANALYZER_NONNULL = YES;
				CLANG_ANALYZER_NUMBER_OBJECT_CONVERSION = YES_AGGRESSIVE;
				CLANG_CXX_LANGUAGE_STANDARD = "gnu++17";
				CLANG_ENABLE_MODULES = YES;
				CLANG_ENABLE_OBJC_ARC = YES;
				CLANG_ENABLE_OBJC_WEAK = YES;
				CLANG_WARN_BLOCK_CAPTURE_AUTORELEASING = YES;
				CLANG_WARN_BOOL_CONVERSION = YES;
				CLANG_WARN_COMMA = YES;
				CLANG_WARN_CONSTANT_CONVERSION = YES;
				CLANG_WARN_DEPRECATED_OBJC_IMPLEMENTATIONS = YES;
				CLANG_WARN_DIRECT_OBJC_ISA_USAGE = YES_ERROR;
				CLANG_WARN_DOCUMENTATION_COMMENTS = YES;
				CLANG_WARN_EMPTY_BODY = YES;
				CLANG_WARN_ENUM_CONVERSION = YES;
				CLANG_WARN_INFINITE_RECURSION = YES;
				CLANG_WARN_INT_CONVERSION = YES;
				CLANG_WARN_NON_LITERAL_NULL_CONVERSION = YES;
				CLANG_WARN_OBJC_IMPLICIT_RETAIN_SELF = YES;
				CLANG_WARN_OBJC_LITERAL_CONVERSION = YES;
				CLANG_WARN_OBJC_ROOT_CLASS = YES_ERROR;
				CLANG_WARN_QUOTED_INCLUDE_IN_FRAMEWORK_HEADER = YES;
				CLANG_WARN_RANGE_LOOP_ANALYSIS = YES;
				CLANG_WARN_STRICT_PROTOTYPES = YES;
				CLANG_WARN_SUSPICIOUS_MOVE = YES;
				CLANG_WARN_UNGUARDED_AVAILABILITY = YES_AGGRESSIVE;
				CLANG_WARN_UNREACHABLE_CODE = YES;
				CLANG_WARN__DUPLICATE_METHOD_MATCH = YES;
				COPY_PHASE_STRIP = NO;
				DEBUG_INFORMATION_FORMAT = dwarf;
				ENABLE_STRICT_OBJC_MSGSEND = YES;
				ENABLE_TESTABILITY = YES;
				GCC_C_LANGUAGE_STANDARD = gnu11;
				GCC_DYNAMIC_NO_PIC = NO;
				GCC_NO_COMMON_BLOCKS = YES;
				GCC_OPTIMIZATION_LEVEL = 0;
				GCC_PREPROCESSOR_DEFINITIONS = (
					"DEBUG=1",
					"$(inherited)",
				);
				GCC_WARN_64_TO_32_BIT_CONVERSION = YES;
				GCC_WARN_ABOUT_RETURN_TYPE = YES_ERROR;
				GCC_WARN_UNDECLARED_SELECTOR = YES;
				GCC_WARN_UNINITIALIZED_AUTOS = YES_AGGRESSIVE;
				GCC_WARN_UNUSED_FUNCTION = YES;
				GCC_WARN_UNUSED_VARIABLE = YES;
				IPHONEOS_DEPLOYMENT_TARGET = 15.5;
				MTL_ENABLE_DEBUG_INFO = INCLUDE_SOURCE;
				MTL_FAST_MATH = YES;
				ONLY_ACTIVE_ARCH = YES;
				SDKROOT = iphoneos;
				SWIFT_ACTIVE_COMPILATION_CONDITIONS = DEBUG;
				SWIFT_OPTIMIZATION_LEVEL = "-Onone";
			};
			name = Debug;
		};
		54D8AD1128BEF21600E6880A /* Release */ = {
			isa = XCBuildConfiguration;
			buildSettings = {
				ALWAYS_SEARCH_USER_PATHS = NO;
				CLANG_ANALYZER_NONNULL = YES;
				CLANG_ANALYZER_NUMBER_OBJECT_CONVERSION = YES_AGGRESSIVE;
				CLANG_CXX_LANGUAGE_STANDARD = "gnu++17";
				CLANG_ENABLE_MODULES = YES;
				CLANG_ENABLE_OBJC_ARC = YES;
				CLANG_ENABLE_OBJC_WEAK = YES;
				CLANG_WARN_BLOCK_CAPTURE_AUTORELEASING = YES;
				CLANG_WARN_BOOL_CONVERSION = YES;
				CLANG_WARN_COMMA = YES;
				CLANG_WARN_CONSTANT_CONVERSION = YES;
				CLANG_WARN_DEPRECATED_OBJC_IMPLEMENTATIONS = YES;
				CLANG_WARN_DIRECT_OBJC_ISA_USAGE = YES_ERROR;
				CLANG_WARN_DOCUMENTATION_COMMENTS = YES;
				CLANG_WARN_EMPTY_BODY = YES;
				CLANG_WARN_ENUM_CONVERSION = YES;
				CLANG_WARN_INFINITE_RECURSION = YES;
				CLANG_WARN_INT_CONVERSION = YES;
				CLANG_WARN_NON_LITERAL_NULL_CONVERSION = YES;
				CLANG_WARN_OBJC_IMPLICIT_RETAIN_SELF = YES;
				CLANG_WARN_OBJC_LITERAL_CONVERSION = YES;
				CLANG_WARN_OBJC_ROOT_CLASS = YES_ERROR;
				CLANG_WARN_QUOTED_INCLUDE_IN_FRAMEWORK_HEADER = YES;
				CLANG_WARN_RANGE_LOOP_ANALYSIS = YES;
				CLANG_WARN_STRICT_PROTOTYPES = YES;
				CLANG_WARN_SUSPICIOUS_MOVE = YES;
				CLANG_WARN_UNGUARDED_AVAILABILITY = YES_AGGRESSIVE;
				CLANG_WARN_UNREACHABLE_CODE = YES;
				CLANG_WARN__DUPLICATE_METHOD_MATCH = YES;
				COPY_PHASE_STRIP = NO;
				DEBUG_INFORMATION_FORMAT = "dwarf-with-dsym";
				ENABLE_NS_ASSERTIONS = NO;
				ENABLE_STRICT_OBJC_MSGSEND = YES;
				GCC_C_LANGUAGE_STANDARD = gnu11;
				GCC_NO_COMMON_BLOCKS = YES;
				GCC_WARN_64_TO_32_BIT_CONVERSION = YES;
				GCC_WARN_ABOUT_RETURN_TYPE = YES_ERROR;
				GCC_WARN_UNDECLARED_SELECTOR = YES;
				GCC_WARN_UNINITIALIZED_AUTOS = YES_AGGRESSIVE;
				GCC_WARN_UNUSED_FUNCTION = YES;
				GCC_WARN_UNUSED_VARIABLE = YES;
				IPHONEOS_DEPLOYMENT_TARGET = 15.5;
				MTL_ENABLE_DEBUG_INFO = NO;
				MTL_FAST_MATH = YES;
				SDKROOT = iphoneos;
				SWIFT_COMPILATION_MODE = wholemodule;
				SWIFT_OPTIMIZATION_LEVEL = "-O";
				VALIDATE_PRODUCT = YES;
			};
			name = Release;
		};
		54D8AD1328BEF21600E6880A /* Debug */ = {
			isa = XCBuildConfiguration;
			buildSettings = {
				ASSETCATALOG_COMPILER_APPICON_NAME = AppIcon;
				ASSETCATALOG_COMPILER_GLOBAL_ACCENT_COLOR_NAME = AccentColor;
				CODE_SIGN_STYLE = Automatic;
				CURRENT_PROJECT_VERSION = 1;
				DEVELOPMENT_TEAM = N67R5W6U5A;
				GENERATE_INFOPLIST_FILE = YES;
				INFOPLIST_FILE = MemoApp/Info.plist;
				INFOPLIST_KEY_CFBundleDisplayName = "유승연";
				INFOPLIST_KEY_NSMainNibFile = Main;
				INFOPLIST_KEY_UIApplicationSupportsIndirectInputEvents = YES;
				INFOPLIST_KEY_UILaunchStoryboardName = LaunchScreen;
				INFOPLIST_KEY_UISupportedInterfaceOrientations_iPad = "UIInterfaceOrientationPortrait UIInterfaceOrientationPortraitUpsideDown UIInterfaceOrientationLandscapeLeft UIInterfaceOrientationLandscapeRight";
				INFOPLIST_KEY_UISupportedInterfaceOrientations_iPhone = "UIInterfaceOrientationPortrait UIInterfaceOrientationLandscapeLeft UIInterfaceOrientationLandscapeRight";
				IPHONEOS_DEPLOYMENT_TARGET = 13.0;
				LD_RUNPATH_SEARCH_PATHS = (
					"$(inherited)",
					"@executable_path/Frameworks",
				);
				MARKETING_VERSION = 1.0;
				PRODUCT_BUNDLE_IDENTIFIER = michelle.MemoApp;
				PRODUCT_NAME = "$(TARGET_NAME)";
				SWIFT_EMIT_LOC_STRINGS = YES;
				SWIFT_VERSION = 5.0;
				TARGETED_DEVICE_FAMILY = "1,2";
			};
			name = Debug;
		};
		54D8AD1428BEF21600E6880A /* Release */ = {
			isa = XCBuildConfiguration;
			buildSettings = {
				ASSETCATALOG_COMPILER_APPICON_NAME = AppIcon;
				ASSETCATALOG_COMPILER_GLOBAL_ACCENT_COLOR_NAME = AccentColor;
				CODE_SIGN_STYLE = Automatic;
				CURRENT_PROJECT_VERSION = 1;
				DEVELOPMENT_TEAM = N67R5W6U5A;
				GENERATE_INFOPLIST_FILE = YES;
				INFOPLIST_FILE = MemoApp/Info.plist;
				INFOPLIST_KEY_CFBundleDisplayName = "유승연";
				INFOPLIST_KEY_NSMainNibFile = Main;
				INFOPLIST_KEY_UIApplicationSupportsIndirectInputEvents = YES;
				INFOPLIST_KEY_UILaunchStoryboardName = LaunchScreen;
				INFOPLIST_KEY_UISupportedInterfaceOrientations_iPad = "UIInterfaceOrientationPortrait UIInterfaceOrientationPortraitUpsideDown UIInterfaceOrientationLandscapeLeft UIInterfaceOrientationLandscapeRight";
				INFOPLIST_KEY_UISupportedInterfaceOrientations_iPhone = "UIInterfaceOrientationPortrait UIInterfaceOrientationLandscapeLeft UIInterfaceOrientationLandscapeRight";
				IPHONEOS_DEPLOYMENT_TARGET = 13.0;
				LD_RUNPATH_SEARCH_PATHS = (
					"$(inherited)",
					"@executable_path/Frameworks",
				);
				MARKETING_VERSION = 1.0;
				PRODUCT_BUNDLE_IDENTIFIER = michelle.MemoApp;
				PRODUCT_NAME = "$(TARGET_NAME)";
				SWIFT_EMIT_LOC_STRINGS = YES;
				SWIFT_VERSION = 5.0;
				TARGETED_DEVICE_FAMILY = "1,2";
			};
			name = Release;
		};
/* End XCBuildConfiguration section */

/* Begin XCConfigurationList section */
		54D8ACF928BEF21400E6880A /* Build configuration list for PBXProject "MemoApp" */ = {
			isa = XCConfigurationList;
			buildConfigurations = (
				54D8AD1028BEF21600E6880A /* Debug */,
				54D8AD1128BEF21600E6880A /* Release */,
			);
			defaultConfigurationIsVisible = 0;
			defaultConfigurationName = Release;
		};
		54D8AD1228BEF21600E6880A /* Build configuration list for PBXNativeTarget "MemoApp" */ = {
			isa = XCConfigurationList;
			buildConfigurations = (
				54D8AD1328BEF21600E6880A /* Debug */,
				54D8AD1428BEF21600E6880A /* Release */,
			);
			defaultConfigurationIsVisible = 0;
			defaultConfigurationName = Release;
		};
/* End XCConfigurationList section */

/* Begin XCRemoteSwiftPackageReference section */
		542C786828C3844500F7D17A /* XCRemoteSwiftPackageReference "IQKeyboardManager" */ = {
			isa = XCRemoteSwiftPackageReference;
			repositoryURL = "https://github.com/hackiftekhar/IQKeyboardManager";
			requirement = {
				kind = exactVersion;
				version = 6.5.0;
			};
		};
		5470F0AA28BF963100119788 /* XCRemoteSwiftPackageReference "realm-swift" */ = {
			isa = XCRemoteSwiftPackageReference;
			repositoryURL = "https://github.com/realm/realm-swift.git";
			requirement = {
				kind = upToNextMajorVersion;
				minimumVersion = 10.20.0;
			};
		};
		54A5089A28BF339500C099C7 /* XCRemoteSwiftPackageReference "SnapKit" */ = {
			isa = XCRemoteSwiftPackageReference;
			repositoryURL = "https://github.com/SnapKit/SnapKit.git";
			requirement = {
				kind = upToNextMajorVersion;
				minimumVersion = 5.0.0;
			};
		};
/* End XCRemoteSwiftPackageReference section */

/* Begin XCSwiftPackageProductDependency section */
		542C786928C3844500F7D17A /* IQKeyboardManagerSwift */ = {
			isa = XCSwiftPackageProductDependency;
			package = 542C786828C3844500F7D17A /* XCRemoteSwiftPackageReference "IQKeyboardManager" */;
			productName = IQKeyboardManagerSwift;
		};
		5470F0AB28BF963100119788 /* Realm */ = {
			isa = XCSwiftPackageProductDependency;
			package = 5470F0AA28BF963100119788 /* XCRemoteSwiftPackageReference "realm-swift" */;
			productName = Realm;
		};
		5470F0AD28BF963100119788 /* RealmSwift */ = {
			isa = XCSwiftPackageProductDependency;
			package = 5470F0AA28BF963100119788 /* XCRemoteSwiftPackageReference "realm-swift" */;
			productName = RealmSwift;
		};
		54A5089B28BF339500C099C7 /* SnapKit */ = {
			isa = XCSwiftPackageProductDependency;
			package = 54A5089A28BF339500C099C7 /* XCRemoteSwiftPackageReference "SnapKit" */;
			productName = SnapKit;
		};
/* End XCSwiftPackageProductDependency section */
	};
	rootObject = 54D8ACF628BEF21400E6880A /* Project object */;
}
